
Microsoft Visual Studio Solution File, Format Version 12.00
# Visual Studio Version 16
VisualStudioVersion = 16.0.31911.196
MinimumVisualStudioVersion = 10.0.40219.1
Project("{FAE04EC0-301F-11D3-BF4B-00C04F79EFBC}") = "CSh_11", "CSh_11.csproj", "{690B3660-7FB5-43DA-ABB2-F09BD929546A}"
EndProject
Global
	GlobalSection(SolutionConfigurationPlatforms) = preSolution
		Debug|Any CPU = Debug|Any CPU
		Release|Any CPU = Release|Any CPU
	EndGlobalSection
	GlobalSection(ProjectConfigurationPlatforms) = postSolution
		{690B3660-7FB5-43DA-ABB2-F09BD929546A}.Debug|Any CPU.ActiveCfg = Debug|Any CPU
		{690B3660-7FB5-43DA-ABB2-F09BD929546A}.Debug|Any CPU.Build.0 = Debug|Any CPU
		{690B3660-7FB5-43DA-ABB2-F09BD929546A}.Release|Any CPU.ActiveCfg = Release|Any CPU
		{690B3660-7FB5-43DA-ABB2-F09BD929546A}.Release|Any CPU.Build.0 = Release|Any CPU
	EndGlobalSection
	GlobalSection(SolutionProperties) = preSolution
		HideSolutionNode = FALSE
	EndGlobalSection
	GlobalSection(ExtensibilityGlobals) = postSolution
		SolutionGuid = {BA558BD7-66B9-4A34-BFAA-5947B3FEC051}
	EndGlobalSection
EndGlobal
